
Microsoft Visual Studio Solution File, Format Version 12.00
# Visual Studio Version 16
VisualStudioVersion = 16.0.32126.315
MinimumVisualStudioVersion = 10.0.40219.1
Project("{9A19103F-16F7-4668-BE54-9A1E7A4F7556}") = "HepsiBurada.MarsRover.ConsoleApp", "HepsiBurada.MarsRover.ConsoleApp\HepsiBurada.MarsRover.ConsoleApp.csproj", "{BC3BDCC7-CC93-4637-8C9D-96BC0DBD3AC9}"
EndProject
Project("{9A19103F-16F7-4668-BE54-9A1E7A4F7556}") = "HepsiBurada.MarsRover.Data", "HepsiBurada.MarsRover.Data\HepsiBurada.MarsRover.Data.csproj", "{6FBB7779-B9EE-48EF-AD72-BF6E4E70A4AA}"
EndProject
Project("{FAE04EC0-301F-11D3-BF4B-00C04F79EFBC}") = "HepsiBurada.MarsRover.Logic", "HepsiBurada.MarsRover.Logic\HepsiBurada.MarsRover.Logic.csproj", "{1D365308-C1DE-4F00-9D8E-5649A521FDB7}"
EndProject
Project("{FAE04EC0-301F-11D3-BF4B-00C04F79EFBC}") = "Hepsiburada.MarsRover.XUnitTestProject", "Hepsiburada.MarsRover.XUnitTestProject\Hepsiburada.MarsRover.XUnitTestProject.csproj", "{BC26E123-EDA9-4EA0-ACE8-495E5061B80C}"
EndProject
Global
	GlobalSection(SolutionConfigurationPlatforms) = preSolution
		Debug|Any CPU = Debug|Any CPU
		Release|Any CPU = Release|Any CPU
	EndGlobalSection
	GlobalSection(ProjectConfigurationPlatforms) = postSolution
		{BC3BDCC7-CC93-4637-8C9D-96BC0DBD3AC9}.Debug|Any CPU.ActiveCfg = Debug|Any CPU
		{BC3BDCC7-CC93-4637-8C9D-96BC0DBD3AC9}.Debug|Any CPU.Build.0 = Debug|Any CPU
		{BC3BDCC7-CC93-4637-8C9D-96BC0DBD3AC9}.Release|Any CPU.ActiveCfg = Release|Any CPU
		{BC3BDCC7-CC93-4637-8C9D-96BC0DBD3AC9}.Release|Any CPU.Build.0 = Release|Any CPU
		{6FBB7779-B9EE-48EF-AD72-BF6E4E70A4AA}.Debug|Any CPU.ActiveCfg = Debug|Any CPU
		{6FBB7779-B9EE-48EF-AD72-BF6E4E70A4AA}.Debug|Any CPU.Build.0 = Debug|Any CPU
		{6FBB7779-B9EE-48EF-AD72-BF6E4E70A4AA}.Release|Any CPU.ActiveCfg = Release|Any CPU
		{6FBB7779-B9EE-48EF-AD72-BF6E4E70A4AA}.Release|Any CPU.Build.0 = Release|Any CPU
		{1D365308-C1DE-4F00-9D8E-5649A521FDB7}.Debug|Any CPU.ActiveCfg = Debug|Any CPU
		{1D365308-C1DE-4F00-9D8E-5649A521FDB7}.Debug|Any CPU.Build.0 = Debug|Any CPU
		{1D365308-C1DE-4F00-9D8E-5649A521FDB7}.Release|Any CPU.ActiveCfg = Release|Any CPU
		{1D365308-C1DE-4F00-9D8E-5649A521FDB7}.Release|Any CPU.Build.0 = Release|Any CPU
		{BC26E123-EDA9-4EA0-ACE8-495E5061B80C}.Debug|Any CPU.ActiveCfg = Debug|Any CPU
		{BC26E123-EDA9-4EA0-ACE8-495E5061B80C}.Debug|Any CPU.Build.0 = Debug|Any CPU
		{BC26E123-EDA9-4EA0-ACE8-495E5061B80C}.Release|Any CPU.ActiveCfg = Release|Any CPU
		{BC26E123-EDA9-4EA0-ACE8-495E5061B80C}.Release|Any CPU.Build.0 = Release|Any CPU
	EndGlobalSection
	GlobalSection(SolutionProperties) = preSolution
		HideSolutionNode = FALSE
	EndGlobalSection
	GlobalSection(ExtensibilityGlobals) = postSolution
		SolutionGuid = {B93825C8-3D2C-478F-84B5-F8B3357C7054}
	EndGlobalSection
EndGlobal
